
Microsoft Visual Studio Solution File, Format Version 12.00
# Visual Studio Version 16
VisualStudioVersion = 16.0.31410.357
MinimumVisualStudioVersion = 10.0.40219.1
Project("{FAE04EC0-301F-11D3-BF4B-00C04F79EFBC}") = "LabSesion16CrudReactWebApi", "LabSesion16CrudReactWebApi\LabSesion16CrudReactWebApi.csproj", "{91D6B46E-7D79-493A-B60C-46750259D5F5}"
EndProject
Global
	GlobalSection(SolutionConfigurationPlatforms) = preSolution
		Debug|Any CPU = Debug|Any CPU
		Release|Any CPU = Release|Any CPU
	EndGlobalSection
	GlobalSection(ProjectConfigurationPlatforms) = postSolution
		{91D6B46E-7D79-493A-B60C-46750259D5F5}.Debug|Any CPU.ActiveCfg = Debug|Any CPU
		{91D6B46E-7D79-493A-B60C-46750259D5F5}.Debug|Any CPU.Build.0 = Debug|Any CPU
		{91D6B46E-7D79-493A-B60C-46750259D5F5}.Release|Any CPU.ActiveCfg = Release|Any CPU
		{91D6B46E-7D79-493A-B60C-46750259D5F5}.Release|Any CPU.Build.0 = Release|Any CPU
	EndGlobalSection
	GlobalSection(SolutionProperties) = preSolution
		HideSolutionNode = FALSE
	EndGlobalSection
	GlobalSection(ExtensibilityGlobals) = postSolution
		SolutionGuid = {6405DD16-555B-49C6-8DE5-6B935FA85532}
	EndGlobalSection
EndGlobal
